
Microsoft Visual Studio Solution File, Format Version 12.00
# Visual Studio Version 16
VisualStudioVersion = 16.0.29102.190
MinimumVisualStudioVersion = 10.0.40219.1
Project("{9A19103F-16F7-4668-BE54-9A1E7A4F7556}") = "DocFX.Repository.Sweeper", "DocFX.Repository.Sweeper\DocFX.Repository.Sweeper.csproj", "{6C4AE4A1-C70D-4561-892F-86A6409D45A2}"
EndProject
Project("{9A19103F-16F7-4668-BE54-9A1E7A4F7556}") = "DocFX.Repository.SweeperTests", "DocFX.Repository.SweeperTests\DocFX.Repository.SweeperTests.csproj", "{581135B4-5F99-4EE4-BBFF-ED5B0437E690}"
EndProject
Project("{2150E333-8FDC-42A3-9474-1A3956D46DE8}") = "Solution Items", "Solution Items", "{66D9BB6B-0D68-47F5-A0F6-81FD3DF16860}"
	ProjectSection(SolutionItems) = preProject
		.editorconfig = .editorconfig
		.gitignore = .gitignore
		azure-pipelines.yml = azure-pipelines.yml
		example-output.png = example-output.png
		explicit-mode.png = explicit-mode.png
		LICENSE = LICENSE
		README.md = README.md
		standard-mode.png = standard-mode.png
		sweeper-logo-only.png = sweeper-logo-only.png
		sweeper-logo.png = sweeper-logo.png
	EndProjectSection
EndProject
Project("{9A19103F-16F7-4668-BE54-9A1E7A4F7556}") = "DocFX.Repository.Extensions", "DocFX.Repository.Extensions\DocFX.Repository.Extensions.csproj", "{6E8C4D90-946B-4B16-B3A6-4B31671C27F1}"
EndProject
Project("{FAE04EC0-301F-11D3-BF4B-00C04F79EFBC}") = "DocFX.Repository.Services", "DocFX.Respository.Services\DocFX.Repository.Services.csproj", "{D5E12B99-DC21-4CCC-94CC-FCF03F180533}"
EndProject
Global
	GlobalSection(SolutionConfigurationPlatforms) = preSolution
		Debug|Any CPU = Debug|Any CPU
		Release|Any CPU = Release|Any CPU
	EndGlobalSection
	GlobalSection(ProjectConfigurationPlatforms) = postSolution
		{6C4AE4A1-C70D-4561-892F-86A6409D45A2}.Debug|Any CPU.ActiveCfg = Debug|Any CPU
		{6C4AE4A1-C70D-4561-892F-86A6409D45A2}.Debug|Any CPU.Build.0 = Debug|Any CPU
		{6C4AE4A1-C70D-4561-892F-86A6409D45A2}.Release|Any CPU.ActiveCfg = Release|Any CPU
		{6C4AE4A1-C70D-4561-892F-86A6409D45A2}.Release|Any CPU.Build.0 = Release|Any CPU
		{581135B4-5F99-4EE4-BBFF-ED5B0437E690}.Debug|Any CPU.ActiveCfg = Debug|Any CPU
		{581135B4-5F99-4EE4-BBFF-ED5B0437E690}.Debug|Any CPU.Build.0 = Debug|Any CPU
		{581135B4-5F99-4EE4-BBFF-ED5B0437E690}.Release|Any CPU.ActiveCfg = Release|Any CPU
		{581135B4-5F99-4EE4-BBFF-ED5B0437E690}.Release|Any CPU.Build.0 = Release|Any CPU
		{6E8C4D90-946B-4B16-B3A6-4B31671C27F1}.Debug|Any CPU.ActiveCfg = Debug|Any CPU
		{6E8C4D90-946B-4B16-B3A6-4B31671C27F1}.Debug|Any CPU.Build.0 = Debug|Any CPU
		{6E8C4D90-946B-4B16-B3A6-4B31671C27F1}.Release|Any CPU.ActiveCfg = Release|Any CPU
		{6E8C4D90-946B-4B16-B3A6-4B31671C27F1}.Release|Any CPU.Build.0 = Release|Any CPU
		{D5E12B99-DC21-4CCC-94CC-FCF03F180533}.Debug|Any CPU.ActiveCfg = Debug|Any CPU
		{D5E12B99-DC21-4CCC-94CC-FCF03F180533}.Debug|Any CPU.Build.0 = Debug|Any CPU
		{D5E12B99-DC21-4CCC-94CC-FCF03F180533}.Release|Any CPU.ActiveCfg = Release|Any CPU
		{D5E12B99-DC21-4CCC-94CC-FCF03F180533}.Release|Any CPU.Build.0 = Release|Any CPU
	EndGlobalSection
	GlobalSection(SolutionProperties) = preSolution
		HideSolutionNode = FALSE
	EndGlobalSection
	GlobalSection(ExtensibilityGlobals) = postSolution
		SolutionGuid = {D57CC0E3-194A-436E-9463-C93B735E9282}
	EndGlobalSection
EndGlobal
